
Microsoft Visual Studio Solution File, Format Version 12.00
# Visual Studio Version 16
VisualStudioVersion = 16.0.31507.150
MinimumVisualStudioVersion = 10.0.40219.1
Project("{FAE04EC0-301F-11D3-BF4B-00C04F79EFBC}") = "GraphQLApplication", "GraphQLApplication.csproj", "{F2249DF4-2057-4BB2-A318-3DD22B21A382}"
EndProject
Global
	GlobalSection(SolutionConfigurationPlatforms) = preSolution
		Debug|Any CPU = Debug|Any CPU
		Release|Any CPU = Release|Any CPU
	EndGlobalSection
	GlobalSection(ProjectConfigurationPlatforms) = postSolution
		{F2249DF4-2057-4BB2-A318-3DD22B21A382}.Debug|Any CPU.ActiveCfg = Debug|Any CPU
		{F2249DF4-2057-4BB2-A318-3DD22B21A382}.Debug|Any CPU.Build.0 = Debug|Any CPU
		{F2249DF4-2057-4BB2-A318-3DD22B21A382}.Release|Any CPU.ActiveCfg = Release|Any CPU
		{F2249DF4-2057-4BB2-A318-3DD22B21A382}.Release|Any CPU.Build.0 = Release|Any CPU
	EndGlobalSection
	GlobalSection(SolutionProperties) = preSolution
		HideSolutionNode = FALSE
	EndGlobalSection
	GlobalSection(ExtensibilityGlobals) = postSolution
		SolutionGuid = {F207D310-9A76-4D7F-91BF-124457FEFFEE}
	EndGlobalSection
EndGlobal
